{
    "_meta": {
        "hash": {
            "sha256": "4875d972befda08996f4b8c6e5dfcc080f9749fafd3082ebd43d235a0f77c172"
        },
        "pipfile-spec": 6,
        "requires": {
            "python_version": "3.7"
        },
        "sources": [
            {
                "name": "pypi",
                "url": "https://pypi.org/simple",
                "verify_ssl": true
            }
        ]
    },
    "default": {
        "certifi": {
            "hashes": [
                "sha256:046832c04d4e752f37383b628bc601a7ea7211496b4638f6514d0e5b9acc4939",
                "sha256:945e3ba63a0b9f577b1395204e13c3a231f9bc0223888be653286534e5873695"
            ],
            "version": "==2019.6.16"
        },
        "chardet": {
            "hashes": [
                "sha256:84ab92ed1c4d4f16916e05906b6b75a6c0fb5db821cc65e70cbd64a3e2a5eaae",
                "sha256:fc323ffcaeaed0e0a02bf4d117757b98aed530d9ed4531e3e15460124c106691"
            ],
            "version": "==3.0.4"
        },
        "click": {
            "hashes": [
                "sha256:2335065e6395b9e67ca716de5f7526736bfa6ceead690adf616d925bdc622b13",
                "sha256:5b94b49521f6456670fdb30cd82a4eca9412788a93fa6dd6df72c94d5a8ff2d7"
            ],
            "version": "==7.0"
        },
        "flask": {
            "hashes": [
                "sha256:0749df235e3ff61ac108f69ac178c9770caeaccad2509cb762ce1f65570a8856",
                "sha256:49f44461237b69ecd901cc7ce66feea0319b9158743dd27a2899962ab214dac1"
            ],
            "index": "pypi",
            "version": "==0.12.2"
        },
        "idna": {
            "hashes": [
                "sha256:2c6a5de3089009e3da7c5dde64a141dbc8551d5b7f6cf4ed7c2568d0cc520a8f",
                "sha256:8c7309c718f94b3a625cb648ace320157ad16ff131ae0af362c9f21b80ef6ec4"
            ],
            "version": "==2.6"
        },
        "itsdangerous": {
            "hashes": [
                "sha256:321b033d07f2a4136d3ec762eac9f16a10ccd60f53c0c91af90217ace7ba1f19",
                "sha256:b12271b2047cb23eeb98c8b5622e2e5c5e9abd9784a153e9d8ef9cb4dd09d749"
            ],
            "version": "==1.1.0"
        },
        "jinja2": {
            "hashes": [
                "sha256:065c4f02ebe7f7cf559e49ee5a95fb800a9e4528727aec6f24402a5374c65013",
                "sha256:14dd6caf1527abb21f08f86c784eac40853ba93edb79552aa1e4b8aef1b61c7b"
            ],
            "version": "==2.10.1"
        },
        "llvmlite": {
            "hashes": [
                "sha256:1948dbefe77862c48dacb1f7a131ff1077fa0cc0afadd312d25d80fe6fc920ef",
                "sha256:1f2424dfbc1f459aab3ed0a855b8ee1e88695cf6824343a116eb21cb6dc35ca1",
                "sha256:2b74a3edf542004edcf9cdb47e05ea481b33e01f633ce45ea0c68124ebf50647",
                "sha256:3adb0d4c9a17ad3dca82c7e88118babd61eeee0ee985ce31fa43ec27aa98c963",
                "sha256:52886658699f70de42ec6aeba6982a1fc8fa05a69ef10b8094eaa54e883d749e",
                "sha256:61e3f5e9a6fad63af1cb7f7d414dc4da260d315885fdc6cc252641fc911f9dec",
                "sha256:6af0f4eaa07ac1565ecb5bc64fee8b047763cca61520e23c8ab13316058c0f06",
                "sha256:8b24b13849b56cf94b9f3fcc1b7c54a89745589da23d800ace4675242266506e",
                "sha256:9b4bebf5ea91a389798fe3b84436f03e014553fc156389bf810be7c7479f71d6",
                "sha256:9c75225903928fcef35fdda9bfb80460f90f12c442cb85bf524f91d9874fb17d",
                "sha256:9c9cb21527cff7e7e7ab17f13c335cf66fe2c219309fd6693aab6c0edaf422d0",
                "sha256:a1090704f44a2f2b1b6f69ec0bcf9c7179d16917b2ab9799af9e70130420c35d",
                "sha256:b51863eb1dc5397070e37124665dd472770d685cfff24546bacf3a779a5a8c32",
                "sha256:bd68e01f1444e38983a364ad1810bdaf3eb59ca1fe8aff4a33cc17a90cb9fcdb",
                "sha256:c4e02a7496f43306d359edf22770014b650291978f5ad2a7a172e187ee3fd1e3",
                "sha256:c8f3012179f2352badaf91c9d148814f0dcefb06951b313087585f5ff80b40a7",
                "sha256:c8f7099f31e3ba8257777d179e0186a80ec7a810ae4500da8aa6254017adc7bf",
                "sha256:dc8ac5f3b65cc7b50f4b777afb71b4e2896ecbbaf07657a6fc789098603e38e7",
                "sha256:f0f93e0e0644dfb635f258d48971827236c3a235811f179465a16040b8f21228",
                "sha256:f5d957dcb16756a795216515ade71433160f7485767ae14bdc429d5c9c40d624",
                "sha256:fe2aef8ad7a9f8306802a4b826b192de63dcf5a980343966773698c37cf90da6"
            ],
            "version": "==0.29.0"
        },
        "markupsafe": {
            "hashes": [
                "sha256:00bc623926325b26bb9605ae9eae8a215691f33cae5df11ca5424f06f2d1f473",
                "sha256:09027a7803a62ca78792ad89403b1b7a73a01c8cb65909cd876f7fcebd79b161",
                "sha256:09c4b7f37d6c648cb13f9230d847adf22f8171b1ccc4d5682398e77f40309235",
                "sha256:1027c282dad077d0bae18be6794e6b6b8c91d58ed8a8d89a89d59693b9131db5",
                "sha256:24982cc2533820871eba85ba648cd53d8623687ff11cbb805be4ff7b4c971aff",
                "sha256:29872e92839765e546828bb7754a68c418d927cd064fd4708fab9fe9c8bb116b",
                "sha256:43a55c2930bbc139570ac2452adf3d70cdbb3cfe5912c71cdce1c2c6bbd9c5d1",
                "sha256:46c99d2de99945ec5cb54f23c8cd5689f6d7177305ebff350a58ce5f8de1669e",
                "sha256:500d4957e52ddc3351cabf489e79c91c17f6e0899158447047588650b5e69183",
                "sha256:535f6fc4d397c1563d08b88e485c3496cf5784e927af890fb3c3aac7f933ec66",
                "sha256:62fe6c95e3ec8a7fad637b7f3d372c15ec1caa01ab47926cfdf7a75b40e0eac1",
                "sha256:6dd73240d2af64df90aa7c4e7481e23825ea70af4b4922f8ede5b9e35f78a3b1",
                "sha256:717ba8fe3ae9cc0006d7c451f0bb265ee07739daf76355d06366154ee68d221e",
                "sha256:79855e1c5b8da654cf486b830bd42c06e8780cea587384cf6545b7d9ac013a0b",
                "sha256:7c1699dfe0cf8ff607dbdcc1e9b9af1755371f92a68f706051cc8c37d447c905",
                "sha256:88e5fcfb52ee7b911e8bb6d6aa2fd21fbecc674eadd44118a9cc3863f938e735",
                "sha256:8defac2f2ccd6805ebf65f5eeb132adcf2ab57aa11fdf4c0dd5169a004710e7d",
                "sha256:98c7086708b163d425c67c7a91bad6e466bb99d797aa64f965e9d25c12111a5e",
                "sha256:9add70b36c5666a2ed02b43b335fe19002ee5235efd4b8a89bfcf9005bebac0d",
                "sha256:9bf40443012702a1d2070043cb6291650a0841ece432556f784f004937f0f32c",
                "sha256:ade5e387d2ad0d7ebf59146cc00c8044acbd863725f887353a10df825fc8ae21",
                "sha256:b00c1de48212e4cc9603895652c5c410df699856a2853135b3967591e4beebc2",
                "sha256:b1282f8c00509d99fef04d8ba936b156d419be841854fe901d8ae224c59f0be5",
                "sha256:b2051432115498d3562c084a49bba65d97cf251f5a331c64a12ee7e04dacc51b",
                "sha256:ba59edeaa2fc6114428f1637ffff42da1e311e29382d81b339c1817d37ec93c6",
                "sha256:c8716a48d94b06bb3b2524c2b77e055fb313aeb4ea620c8dd03a105574ba704f",
                "sha256:cd5df75523866410809ca100dc9681e301e3c27567cf498077e8551b6d20e42f",
                "sha256:e249096428b3ae81b08327a63a485ad0878de3fb939049038579ac0ef61e17e7"
            ],
            "version": "==1.1.1"
        },
        "numba": {
            "hashes": [
                "sha256:0c30c953ee112e715fc5e2bb8c56066e93d8cbca773b644d118ed5676b572254",
                "sha256:2058ff305a249da33e63fcde134922faf13f8e67039824fe697e2c38449e3770",
                "sha256:2b6263eae272f9ba3bdccc09b3eee9ad5296574c3fd12d9e84df711cacb75cc4",
                "sha256:43634cb511cb9a4a237913f4d5ba6fa66648773537867519ab4480e593d45c0c",
                "sha256:57b8956f1700a8a52afad3a3599a020f534cef380047eb2e50b0613d0cf426e5",
                "sha256:5aa968474104a0efa84475bf96e98667efd7f28db69ffd9f26bb249b5a2388a6",
                "sha256:5fa11b49534df4768bf9477c905083aab216ef4d3b26c29ab84019f6e4b32120",
                "sha256:60cd6bed5c3101bd9bdbe623dd148b400d84955e8535a192e36960df6c384e5c",
                "sha256:616e66e838568a55d9111527c59d4844616fcc4c41b7cbad79788f2d426351ca",
                "sha256:6d7d1add0b09c3811db3cae6cea4269d69d518a0c4631733a1196638bd86a029",
                "sha256:97104beeadb70b22d02041cb2a67743146093242ee5028766d702df7dd585c8a",
                "sha256:9a47935d2418b907733a0f29d8b53960bfe18477e2739dc243b7fc43227e25c1",
                "sha256:a6f8f0321062135debaedf52a8299a22ca6b09dcf75fa87d27777b59103e31d5",
                "sha256:ba50a422738e84d9ba788d9f35921dfb6001b53d0a22efb6f6772db8e1a87000",
                "sha256:c92c59db56ba9f19f4ea613ad8ddd631c70019c0cbc999f27f1a3804cb2a67e9",
                "sha256:d16b3c1b602f777bc1f9ef2c3f2ba27b2869a6880572ada1975f45ca7d5fd7d6",
                "sha256:dce26e0be17e77be22ccae2b8844adfca28561fc264ea22c7cf4bc10711839df",
                "sha256:ddf55bf85b2a82a8abd08e2c76509aeaa2f8ad3d61f3997952f72d8d51d62606",
                "sha256:df89943b39c46984f4ec11f6e0b9eef75a4b4c61bbd0ca187b490d9ec648830d",
                "sha256:ec8ff5f889cac5085b123a94c450c9ba27b6fe995881682e9f404a589a9b291d",
                "sha256:f74049b13a3a13cdb7229e418bb79aad11373b051cbc6c42721af7dbb949423b"
            ],
            "index": "pypi",
            "version": "==0.44.1"
        },
        "numpy": {
            "hashes": [
                "sha256:0778076e764e146d3078b17c24c4d89e0ecd4ac5401beff8e1c87879043a0633",
                "sha256:141c7102f20abe6cf0d54c4ced8d565b86df4d3077ba2343b61a6db996cefec7",
                "sha256:14270a1ee8917d11e7753fb54fc7ffd1934f4d529235beec0b275e2ccf00333b",
                "sha256:27e11c7a8ec9d5838bc59f809bfa86efc8a4fd02e58960fa9c49d998e14332d5",
                "sha256:2a04dda79606f3d2f760384c38ccd3d5b9bb79d4c8126b67aff5eb09a253763e",
                "sha256:3c26010c1b51e1224a3ca6b8df807de6e95128b0908c7e34f190e7775455b0ca",
                "sha256:52c40f1a4262c896420c6ea1c6fda62cf67070e3947e3307f5562bd783a90336",
                "sha256:6e4f8d9e8aa79321657079b9ac03f3cf3fd067bf31c1cca4f56d49543f4356a5",
                "sha256:7242be12a58fec245ee9734e625964b97cf7e3f2f7d016603f9e56660ce479c7",
                "sha256:7dc253b542bfd4b4eb88d9dbae4ca079e7bf2e2afd819ee18891a43db66c60c7",
                "sha256:94f5bd885f67bbb25c82d80184abbf7ce4f6c3c3a41fbaa4182f034bba803e69",
                "sha256:a89e188daa119ffa0d03ce5123dee3f8ffd5115c896c2a9d4f0dbb3d8b95bfa3",
                "sha256:ad3399da9b0ca36e2f24de72f67ab2854a62e623274607e37e0ce5f5d5fa9166",
                "sha256:b0348be89275fd1d4c44ffa39530c41a21062f52299b1e3ee7d1c61f060044b8",
                "sha256:b5554368e4ede1856121b0dfa35ce71768102e4aa55e526cb8de7f374ff78722",
                "sha256:cbddc56b2502d3f87fda4f98d948eb5b11f36ff3902e17cb6cc44727f2200525",
                "sha256:d79f18f41751725c56eceab2a886f021d70fd70a6188fd386e29a045945ffc10",
                "sha256:dc2ca26a19ab32dc475dbad9dfe723d3a64c835f4c23f625c2b6566ca32b9f29",
                "sha256:dd9bcd4f294eb0633bb33d1a74febdd2b9018b8b8ed325f861fffcd2c7660bb8",
                "sha256:e8baab1bc7c9152715844f1faca6744f2416929de10d7639ed49555a85549f52",
                "sha256:ec31fe12668af687b99acf1567399632a7c47b0e17cfb9ae47c098644ef36797",
                "sha256:f12b4f7e2d8f9da3141564e6737d79016fe5336cc92de6814eba579744f65b0a",
                "sha256:f58ac38d5ca045a377b3b377c84df8175ab992c970a53332fa8ac2373df44ff7"
            ],
            "version": "==1.16.4"
        },
        "requests": {
            "hashes": [
                "sha256:6a1b267aa90cac58ac3a765d067950e7dbbf75b1da07e895d1f594193a40a38b",
                "sha256:9c443e7324ba5b85070c4a818ade28bfabedf16ea10206da1132edaa6dda237e"
            ],
            "index": "pypi",
            "version": "==2.18.4"
        },
        "urllib3": {
            "hashes": [
                "sha256:06330f386d6e4b195fbfc736b297f58c5a892e4440e54d294d7004e3a9bbea1b",
                "sha256:cc44da8e1145637334317feebd728bd869a35285b93cbb4cca2577da7e62db4f"
            ],
            "version": "==1.22"
        },
        "werkzeug": {
            "hashes": [
                "sha256:865856ebb55c4dcd0630cdd8f3331a1847a819dda7e8c750d3db6f2aa6c0209c",
                "sha256:a0b915f0815982fb2a09161cb8f31708052d0951c3ba433ccc5e1aa276507ca6"
            ],
            "version": "==0.15.4"
        }
    },
    "develop": {
        "entrypoints": {
            "hashes": [
                "sha256:589f874b313739ad35be6e0cd7efde2a4e9b6fea91edcc34e58ecbb8dbe56d19",
                "sha256:c70dd71abe5a8c85e55e12c19bd91ccfeec11a6e99044204511f9ed547d48451"
            ],
            "version": "==0.3"
        },
        "flake8": {
            "hashes": [
                "sha256:19241c1cbc971b9962473e4438a2ca19749a7dd002dd1a946eaba171b4114548",
                "sha256:8e9dfa3cecb2400b3738a42c54c3043e821682b9c840b0448c0503f781130696"
            ],
            "index": "pypi",
            "version": "==3.7.8"
        },
        "mccabe": {
            "hashes": [
                "sha256:ab8a6258860da4b6677da4bd2fe5dc2c659cff31b3ee4f7f5d64e79735b80d42",
                "sha256:dd8d182285a0fe56bace7f45b5e7d1a6ebcbf524e8f3bd87eb0f125271b8831f"
            ],
            "version": "==0.6.1"
        },
        "pycodestyle": {
            "hashes": [
                "sha256:95a2219d12372f05704562a14ec30bc76b05a5b297b21a5dfe3f6fac3491ae56",
                "sha256:e40a936c9a450ad81df37f549d676d127b1b66000a6c500caa2b085bc0ca976c"
            ],
            "version": "==2.5.0"
        },
        "pyflakes": {
            "hashes": [
                "sha256:17dbeb2e3f4d772725c777fabc446d5634d1038f234e77343108ce445ea69ce0",
                "sha256:d976835886f8c5b31d47970ed689944a0262b5f3afa00a5a7b4dc81e5449f8a2"
            ],
            "version": "==2.1.1"
        }
    }
}
